
Microsoft Visual Studio Solution File, Format Version 12.00
# Visual Studio Version 16
VisualStudioVersion = 16.0.30523.141
MinimumVisualStudioVersion = 10.0.40219.1
Project("{9A19103F-16F7-4668-BE54-9A1E7A4F7556}") = "CurrencyApp", "CurrencyApp\CurrencyApp.csproj", "{4B9301B5-10A5-483B-BC7B-8E18192D8230}"
EndProject
Project("{9A19103F-16F7-4668-BE54-9A1E7A4F7556}") = "CurrencyAppDatabase", "CurrencyAppDatabase\CurrencyAppDatabase.csproj", "{A3D4144D-A594-4D76-9551-C7A274260647}"
EndProject
Global
	GlobalSection(SolutionConfigurationPlatforms) = preSolution
		Debug|Any CPU = Debug|Any CPU
		Release|Any CPU = Release|Any CPU
	EndGlobalSection
	GlobalSection(ProjectConfigurationPlatforms) = postSolution
		{4B9301B5-10A5-483B-BC7B-8E18192D8230}.Debug|Any CPU.ActiveCfg = Debug|Any CPU
		{4B9301B5-10A5-483B-BC7B-8E18192D8230}.Debug|Any CPU.Build.0 = Debug|Any CPU
		{4B9301B5-10A5-483B-BC7B-8E18192D8230}.Release|Any CPU.ActiveCfg = Release|Any CPU
		{4B9301B5-10A5-483B-BC7B-8E18192D8230}.Release|Any CPU.Build.0 = Release|Any CPU
		{A3D4144D-A594-4D76-9551-C7A274260647}.Debug|Any CPU.ActiveCfg = Debug|Any CPU
		{A3D4144D-A594-4D76-9551-C7A274260647}.Debug|Any CPU.Build.0 = Debug|Any CPU
		{A3D4144D-A594-4D76-9551-C7A274260647}.Release|Any CPU.ActiveCfg = Release|Any CPU
		{A3D4144D-A594-4D76-9551-C7A274260647}.Release|Any CPU.Build.0 = Release|Any CPU
	EndGlobalSection
	GlobalSection(SolutionProperties) = preSolution
		HideSolutionNode = FALSE
	EndGlobalSection
	GlobalSection(ExtensibilityGlobals) = postSolution
		SolutionGuid = {A8EDB2F3-52B8-4AA7-B4E9-13881EE1B334}
	EndGlobalSection
EndGlobal
